
Microsoft Visual Studio Solution File, Format Version 12.00
# Visual Studio Version 17
VisualStudioVersion = 17.10.35122.118
MinimumVisualStudioVersion = 10.0.40219.1
Project("{FAE04EC0-301F-11D3-BF4B-00C04F79EFBC}") = "TestProject", "TestProject\TestProject.csproj", "{DDF8D65F-720E-45A9-A989-FA901E8B77DB}"
EndProject
Global
	GlobalSection(SolutionConfigurationPlatforms) = preSolution
		Debug|Any CPU = Debug|Any CPU
		Release|Any CPU = Release|Any CPU
	EndGlobalSection
	GlobalSection(ProjectConfigurationPlatforms) = postSolution
		{DDF8D65F-720E-45A9-A989-FA901E8B77DB}.Debug|Any CPU.ActiveCfg = Debug|Any CPU
		{DDF8D65F-720E-45A9-A989-FA901E8B77DB}.Debug|Any CPU.Build.0 = Debug|Any CPU
		{DDF8D65F-720E-45A9-A989-FA901E8B77DB}.Release|Any CPU.ActiveCfg = Release|Any CPU
		{DDF8D65F-720E-45A9-A989-FA901E8B77DB}.Release|Any CPU.Build.0 = Release|Any CPU
	EndGlobalSection
	GlobalSection(SolutionProperties) = preSolution
		HideSolutionNode = FALSE
	EndGlobalSection
	GlobalSection(ExtensibilityGlobals) = postSolution
		SolutionGuid = {481B7A35-AAB5-4C44-B60F-12022BFB12F6}
	EndGlobalSection
EndGlobal
